
Microsoft Visual Studio Solution File, Format Version 12.00
# Visual Studio Version 16
VisualStudioVersion = 16.0.29613.14
MinimumVisualStudioVersion = 10.0.40219.1
Project("{888888A0-9F3D-457C-B088-3A5042F75D52}") = "cv2 with tk", "cv2 with tk.pyproj", "{0B0C04DD-7CD3-49B9-A6A8-4C5AED748A79}"
EndProject
Global
	GlobalSection(SolutionConfigurationPlatforms) = preSolution
		Debug|Any CPU = Debug|Any CPU
		Release|Any CPU = Release|Any CPU
	EndGlobalSection
	GlobalSection(ProjectConfigurationPlatforms) = postSolution
		{0B0C04DD-7CD3-49B9-A6A8-4C5AED748A79}.Debug|Any CPU.ActiveCfg = Debug|Any CPU
		{0B0C04DD-7CD3-49B9-A6A8-4C5AED748A79}.Release|Any CPU.ActiveCfg = Release|Any CPU
	EndGlobalSection
	GlobalSection(SolutionProperties) = preSolution
		HideSolutionNode = FALSE
	EndGlobalSection
	GlobalSection(ExtensibilityGlobals) = postSolution
		SolutionGuid = {8CC98520-BD80-4547-998B-5A20D50CC18E}
	EndGlobalSection
EndGlobal
